<?xml version="1.0" encoding="utf-8"?>
<Project ToolsVersion="4.0" xmlns="http://schemas.microsoft.com/developer/msbuild/2003">
  <ItemGroup>
    <Filter Include="Source Files">
      <UniqueIdentifier>{4FC737F1-C7A5-4376-A066-2A32D752A2FF}</UniqueIdentifier>
      <Extensions>cpp;c;cc;cxx;c++;cppm;ixx;def;odl;idl;hpj;bat;asm;asmx</Extensions>
    </Filter>
    <Filter Include="Header Files">
      <UniqueIdentifier>{93995380-89BD-4b04-88EB-625FBE52EBFB}</UniqueIdentifier>
      <Extensions>h;hh;hpp;hxx;h++;hm;inl;inc;ipp;xsd</Extensions>
    </Filter>
    <Filter Include="Resource Files">
      <UniqueIdentifier>{67DA6AB6-F800-4c08-8B7A-83BB121AAD01}</UniqueIdentifier>
      <Extensions>rc;ico;cur;bmp;dlg;rc2;rct;bin;rgs;gif;jpg;jpeg;jpe;resx;tiff;tif;png;wav;mfcribbon-ms</Extensions>
    </Filter>
  </ItemGroup>
  <ItemGroup>
    <ClInclude Include="include\hooks\hooks.h">
      <Filter>Header Files</Filter>
    </ClInclude>
    <ClInclude Include="include\ses.h">
      <Filter>Header Files</Filter>
    </ClInclude>
    <ClInclude Include="include\utils.h">
      <Filter>Header Files</Filter>
    </ClInclude>
    <ClInclude Include="lib\csgo-sdk\beams.h">
      <Filter>Header Files</Filter>
    </ClInclude>
    <ClInclude Include="lib\csgo-sdk\client.h">
      <Filter>Header Files</Filter>
    </ClInclude>
    <ClInclude Include="lib\csgo-sdk\crc32.h">
      <Filter>Header Files</Filter>
    </ClInclude>
    <ClInclude Include="lib\csgo-sdk\cvar.h">
      <Filter>Header Files</Filter>
    </ClInclude>
    <ClInclude Include="lib\csgo-sdk\engine.h">
      <Filter>Header Files</Filter>
    </ClInclude>
    <ClInclude Include="lib\csgo-sdk\entity.h">
      <Filter>Header Files</Filter>
    </ClInclude>
    <ClInclude Include="lib\csgo-sdk\entlist.h">
      <Filter>Header Files</Filter>
    </ClInclude>
    <ClInclude Include="lib\csgo-sdk\events.h">
      <Filter>Header Files</Filter>
    </ClInclude>
    <ClInclude Include="lib\csgo-sdk\globals.h">
      <Filter>Header Files</Filter>
    </ClInclude>
    <ClInclude Include="lib\csgo-sdk\input.h">
      <Filter>Header Files</Filter>
    </ClInclude>
    <ClInclude Include="lib\csgo-sdk\mat3x4.h">
      <Filter>Header Files</Filter>
    </ClInclude>
    <ClInclude Include="lib\csgo-sdk\matsys.h">
      <Filter>Header Files</Filter>
    </ClInclude>
    <ClInclude Include="lib\csgo-sdk\mdlcache.h">
      <Filter>Header Files</Filter>
    </ClInclude>
    <ClInclude Include="lib\csgo-sdk\mdlinfo.h">
      <Filter>Header Files</Filter>
    </ClInclude>
    <ClInclude Include="lib\csgo-sdk\mdlrender.h">
      <Filter>Header Files</Filter>
    </ClInclude>
    <ClInclude Include="lib\csgo-sdk\memalloc.h">
      <Filter>Header Files</Filter>
    </ClInclude>
    <ClInclude Include="lib\csgo-sdk\netvars.h">
      <Filter>Header Files</Filter>
    </ClInclude>
    <ClInclude Include="lib\csgo-sdk\physics.h">
      <Filter>Header Files</Filter>
    </ClInclude>
    <ClInclude Include="lib\csgo-sdk\player.h">
      <Filter>Header Files</Filter>
    </ClInclude>
    <ClInclude Include="lib\csgo-sdk\pred.h">
      <Filter>Header Files</Filter>
    </ClInclude>
    <ClInclude Include="lib\csgo-sdk\quat.h">
      <Filter>Header Files</Filter>
    </ClInclude>
    <ClInclude Include="lib\csgo-sdk\renderview.h">
      <Filter>Header Files</Filter>
    </ClInclude>
    <ClInclude Include="lib\csgo-sdk\sdk.h">
      <Filter>Header Files</Filter>
    </ClInclude>
    <ClInclude Include="lib\csgo-sdk\surface.h">
      <Filter>Header Files</Filter>
    </ClInclude>
    <ClInclude Include="lib\csgo-sdk\trace.h">
      <Filter>Header Files</Filter>
    </ClInclude>
    <ClInclude Include="lib\csgo-sdk\usercmd.h">
      <Filter>Header Files</Filter>
    </ClInclude>
    <ClInclude Include="lib\csgo-sdk\vec3.h">
      <Filter>Header Files</Filter>
    </ClInclude>
    <ClInclude Include="lib\csgo-sdk\weapon.h">
      <Filter>Header Files</Filter>
    </ClInclude>
    <ClInclude Include="lib\hashmap\hashmap.h">
      <Filter>Header Files</Filter>
    </ClInclude>
    <ClInclude Include="lib\sds\sds.h">
      <Filter>Header Files</Filter>
    </ClInclude>
    <ClInclude Include="lib\sds\sdsalloc.h">
      <Filter>Header Files</Filter>
    </ClInclude>
    <ClInclude Include="lib\subhook\subhook.h">
      <Filter>Header Files</Filter>
    </ClInclude>
    <ClInclude Include="lib\subhook\subhook_private.h">
      <Filter>Header Files</Filter>
    </ClInclude>
    <ClInclude Include="lib\vector\vector.h">
      <Filter>Header Files</Filter>
    </ClInclude>
    <ClInclude Include="lib\yyjson\yyjson.h">
      <Filter>Header Files</Filter>
    </ClInclude>
    <ClInclude Include="lib\csgo-sdk\offsets.h">
      <Filter>Header Files</Filter>
    </ClInclude>
    <ClInclude Include="include\resources\resources.h">
      <Filter>Header Files</Filter>
    </ClInclude>
    <ClInclude Include="lib\nuklear\nuklear.h">
      <Filter>Header Files</Filter>
    </ClInclude>
    <ClInclude Include="lib\nuklear\nuklear_d3d9.h">
      <Filter>Header Files</Filter>
    </ClInclude>
    <ClInclude Include="include\gui\menu.h">
      <Filter>Header Files</Filter>
    </ClInclude>
    <ClInclude Include="include\gui\config.h">
      <Filter>Header Files</Filter>
    </ClInclude>
    <ClInclude Include="include\features\movement.h">
      <Filter>Header Files</Filter>
    </ClInclude>
    <ClInclude Include="include\gui\custom.h">
      <Filter>Header Files</Filter>
    </ClInclude>
    <ClInclude Include="lib\stb\stb_image.h">
      <Filter>Header Files</Filter>
    </ClInclude>
    <ClInclude Include="lib\csgo-sdk\animstate.h">
      <Filter>Header Files</Filter>
    </ClInclude>
    <ClInclude Include="lib\csgo-sdk\utlvec.h">
      <Filter>Header Files</Filter>
    </ClInclude>
  </ItemGroup>
  <ItemGroup>
    <ClCompile Include="src\hooks\create_move.c">
      <Filter>Source Files</Filter>
    </ClCompile>
    <ClCompile Include="src\hooks\hooks.c">
      <Filter>Source Files</Filter>
    </ClCompile>
    <ClCompile Include="src\ses.c">
      <Filter>Source Files</Filter>
    </ClCompile>
    <ClCompile Include="src\utils.c">
      <Filter>Source Files</Filter>
    </ClCompile>
    <ClCompile Include="lib\csgo-sdk\events.c">
      <Filter>Source Files</Filter>
    </ClCompile>
    <ClCompile Include="lib\csgo-sdk\netvars.c">
      <Filter>Source Files</Filter>
    </ClCompile>
    <ClCompile Include="lib\csgo-sdk\sdk.c">
      <Filter>Source Files</Filter>
    </ClCompile>
    <ClCompile Include="lib\hashmap\hashmap.c">
      <Filter>Source Files</Filter>
    </ClCompile>
    <ClCompile Include="lib\sds\sds.c">
      <Filter>Source Files</Filter>
    </ClCompile>
    <ClCompile Include="lib\subhook\subhook.c">
      <Filter>Source Files</Filter>
    </ClCompile>
    <ClCompile Include="lib\subhook\subhook_windows.c">
      <Filter>Source Files</Filter>
    </ClCompile>
    <ClCompile Include="lib\subhook\subhook_x86.c">
      <Filter>Source Files</Filter>
    </ClCompile>
    <ClCompile Include="lib\vector\vector.c">
      <Filter>Source Files</Filter>
    </ClCompile>
    <ClCompile Include="lib\yyjson\yyjson.c">
      <Filter>Source Files</Filter>
    </ClCompile>
    <ClCompile Include="lib\csgo-sdk\offsets.c">
      <Filter>Source Files</Filter>
    </ClCompile>
    <ClCompile Include="src\hooks\accumulate_layers.c">
      <Filter>Source Files</Filter>
    </ClCompile>
    <ClCompile Include="src\hooks\build_transformations.c">
      <Filter>Source Files</Filter>
    </ClCompile>
    <ClCompile Include="src\hooks\cl_fire_events.c">
      <Filter>Source Files</Filter>
    </ClCompile>
    <ClCompile Include="src\hooks\cs_blood_spray_callback.c">
      <Filter>Source Files</Filter>
    </ClCompile>
    <ClCompile Include="src\hooks\do_extra_bone_processing.c">
      <Filter>Source Files</Filter>
    </ClCompile>
    <ClCompile Include="src\hooks\draw_model.c">
      <Filter>Source Files</Filter>
    </ClCompile>
    <ClCompile Include="src\hooks\emit_sound.c">
      <Filter>Source Files</Filter>
    </ClCompile>
    <ClCompile Include="src\hooks\d3d9_end_scene.c">
      <Filter>Source Files</Filter>
    </ClCompile>
    <ClCompile Include="src\hooks\entity_listener.c">
      <Filter>Source Files</Filter>
    </ClCompile>
    <ClCompile Include="src\hooks\event_listener.c">
      <Filter>Source Files</Filter>
    </ClCompile>
    <ClCompile Include="src\hooks\frame_stage_notify.c">
      <Filter>Source Files</Filter>
    </ClCompile>
    <ClCompile Include="src\hooks\get_viewmodel_fov.c">
      <Filter>Source Files</Filter>
    </ClCompile>
    <ClCompile Include="src\hooks\in_prediction.c">
      <Filter>Source Files</Filter>
    </ClCompile>
    <ClCompile Include="src\hooks\is_connected.c">
      <Filter>Source Files</Filter>
    </ClCompile>
    <ClCompile Include="src\hooks\is_hltv.c">
      <Filter>Source Files</Filter>
    </ClCompile>
    <ClCompile Include="src\hooks\list_leaves_in_box.c">
      <Filter>Source Files</Filter>
    </ClCompile>
    <ClCompile Include="src\hooks\lock_cursor.c">
      <Filter>Source Files</Filter>
    </ClCompile>
    <ClCompile Include="src\hooks\modify_eye_pos.c">
      <Filter>Source Files</Filter>
    </ClCompile>
    <ClCompile Include="src\hooks\notify_on_layer_change_cycle.c">
      <Filter>Source Files</Filter>
    </ClCompile>
    <ClCompile Include="src\hooks\notify_on_layer_change_weight.c">
      <Filter>Source Files</Filter>
    </ClCompile>
    <ClCompile Include="src\hooks\override_view.c">
      <Filter>Source Files</Filter>
    </ClCompile>
    <ClCompile Include="src\hooks\paint_traverse.c">
      <Filter>Source Files</Filter>
    </ClCompile>
    <ClCompile Include="src\hooks\perform_flashbang_effect.c">
      <Filter>Source Files</Filter>
    </ClCompile>
    <ClCompile Include="src\hooks\d3d9_reset.c">
      <Filter>Source Files</Filter>
    </ClCompile>
    <ClCompile Include="src\hooks\run_simulation.c">
      <Filter>Source Files</Filter>
    </ClCompile>
    <ClCompile Include="src\hooks\scene_end.c">
      <Filter>Source Files</Filter>
    </ClCompile>
    <ClCompile Include="src\hooks\send_datagram.c">
      <Filter>Source Files</Filter>
    </ClCompile>
    <ClCompile Include="src\hooks\send_net_msg.c">
      <Filter>Source Files</Filter>
    </ClCompile>
    <ClCompile Include="src\hooks\setup_bones.c">
      <Filter>Source Files</Filter>
    </ClCompile>
    <ClCompile Include="src\hooks\should_skip_anim_frame.c">
      <Filter>Source Files</Filter>
    </ClCompile>
    <ClCompile Include="src\hooks\window_proc.c">
      <Filter>Source Files</Filter>
    </ClCompile>
    <ClCompile Include="src\gui\menu.c">
      <Filter>Source Files</Filter>
    </ClCompile>
    <ClCompile Include="src\resources\noto.c">
      <Filter>Source Files</Filter>
    </ClCompile>
    <ClCompile Include="src\gui\config.c">
      <Filter>Source Files</Filter>
    </ClCompile>
    <ClCompile Include="src\hooks\cvar_get_int.c">
      <Filter>Source Files</Filter>
    </ClCompile>
    <ClCompile Include="src\features\movement.c">
      <Filter>Source Files</Filter>
    </ClCompile>
    <ClCompile Include="src\resources\logo.c">
      <Filter>Source Files</Filter>
    </ClCompile>
    <ClCompile Include="lib\csgo-sdk\animstate.c">
      <Filter>Source Files</Filter>
    </ClCompile>
  </ItemGroup>
</Project>